
Microsoft Visual Studio Solution File, Format Version 12.00
# Visual Studio Express 14 for Windows Desktop
VisualStudioVersion = 14.0.24720.0
MinimumVisualStudioVersion = 10.0.40219.1
Project("{8BC9CEB8-8B4A-11D0-8D11-00A0C91BC942}") = "GameEngine2D", "Game Engine 2D\Game Engine 2D.vcxproj", "{A82D7B52-D06A-4BD4-8D61-3DB4C56479ED}"
EndProject
Project("{8BC9CEB8-8B4A-11D0-8D11-00A0C91BC942}") = "PingPong", "PingPong\PingPong.vcxproj", "{FA5BC2F2-329B-45CC-A766-657BDF3AF05F}"
EndProject
Global
	GlobalSection(SolutionConfigurationPlatforms) = preSolution
		Debug|x64 = Debug|x64
		Debug|x86 = Debug|x86
		Release|x64 = Release|x64
		Release|x86 = Release|x86
	EndGlobalSection
	GlobalSection(ProjectConfigurationPlatforms) = postSolution
		{A82D7B52-D06A-4BD4-8D61-3DB4C56479ED}.Debug|x64.ActiveCfg = Debug|x64
		{A82D7B52-D06A-4BD4-8D61-3DB4C56479ED}.Debug|x64.Build.0 = Debug|x64
		{A82D7B52-D06A-4BD4-8D61-3DB4C56479ED}.Debug|x86.ActiveCfg = Debug|Win32
		{A82D7B52-D06A-4BD4-8D61-3DB4C56479ED}.Debug|x86.Build.0 = Debug|Win32
		{A82D7B52-D06A-4BD4-8D61-3DB4C56479ED}.Release|x64.ActiveCfg = Release|x64
		{A82D7B52-D06A-4BD4-8D61-3DB4C56479ED}.Release|x64.Build.0 = Release|x64
		{A82D7B52-D06A-4BD4-8D61-3DB4C56479ED}.Release|x86.ActiveCfg = Release|Win32
		{A82D7B52-D06A-4BD4-8D61-3DB4C56479ED}.Release|x86.Build.0 = Release|Win32
		{FA5BC2F2-329B-45CC-A766-657BDF3AF05F}.Debug|x64.ActiveCfg = Debug|x64
		{FA5BC2F2-329B-45CC-A766-657BDF3AF05F}.Debug|x64.Build.0 = Debug|x64
		{FA5BC2F2-329B-45CC-A766-657BDF3AF05F}.Debug|x86.ActiveCfg = Debug|Win32
		{FA5BC2F2-329B-45CC-A766-657BDF3AF05F}.Debug|x86.Build.0 = Debug|Win32
		{FA5BC2F2-329B-45CC-A766-657BDF3AF05F}.Release|x64.ActiveCfg = Release|x64
		{FA5BC2F2-329B-45CC-A766-657BDF3AF05F}.Release|x64.Build.0 = Release|x64
		{FA5BC2F2-329B-45CC-A766-657BDF3AF05F}.Release|x86.ActiveCfg = Release|Win32
		{FA5BC2F2-329B-45CC-A766-657BDF3AF05F}.Release|x86.Build.0 = Release|Win32
	EndGlobalSection
	GlobalSection(SolutionProperties) = preSolution
		HideSolutionNode = FALSE
	EndGlobalSection
EndGlobal
